
Microsoft Visual Studio Solution File, Format Version 12.00
# Visual Studio 15
VisualStudioVersion = 15.0.28307.421
MinimumVisualStudioVersion = 10.0.40219.1
Project("{2150E333-8FDC-42A3-9474-1A3956D46DE8}") = "src", "src", "{E6D74637-3F61-4971-BD3F-FDF03A1ED54B}"
EndProject
Project("{2150E333-8FDC-42A3-9474-1A3956D46DE8}") = "doc", "doc", "{AC00B171-B494-4A99-8B32-B5257FE5B9DA}"
	ProjectSection(SolutionItems) = preProject
		doc\consul.exe = doc\consul.exe
		README.md = README.md
		doc\REMARK.txt = doc\REMARK.txt
	EndProjectSection
EndProject
Project("{2150E333-8FDC-42A3-9474-1A3956D46DE8}") = "test", "test", "{98106682-4170-4DFF-A4C5-642D01A092E0}"
EndProject
Project("{2150E333-8FDC-42A3-9474-1A3956D46DE8}") = "Core", "Core", "{FDDC64DD-9054-405A-8CA9-5831E8C26E72}"
EndProject
Project("{2150E333-8FDC-42A3-9474-1A3956D46DE8}") = "DataAccess", "DataAccess", "{68858621-9627-43D5-BDCF-48D09C8CE8FE}"
EndProject
Project("{2150E333-8FDC-42A3-9474-1A3956D46DE8}") = "Microservices", "Microservices", "{6092E5C9-BD2C-47E1-8ED5-A2CC2EEFECBE}"
EndProject
Project("{2150E333-8FDC-42A3-9474-1A3956D46DE8}") = "Utility", "Utility", "{9DA2EA6E-ABAA-46AB-A89B-4DCA40BA91D5}"
EndProject
Project("{9A19103F-16F7-4668-BE54-9A1E7A4F7556}") = "Framework.Util", "core\Framework.Util\Framework.Util.csproj", "{FC53C642-ED15-4AF6-886A-C82F5C9EAB79}"
EndProject
Project("{9A19103F-16F7-4668-BE54-9A1E7A4F7556}") = "Framework.Util.Log4net", "core\Framework.Util.Log4net\Framework.Util.Log4net.csproj", "{B43EF54E-3A15-4752-874E-0C2787A31C1D}"
EndProject
Project("{9A19103F-16F7-4668-BE54-9A1E7A4F7556}") = "Framework.Core", "core\Framework.Core\Framework.Core.csproj", "{A438715C-8029-4BEA-A369-C842CCC06A72}"
EndProject
Project("{9A19103F-16F7-4668-BE54-9A1E7A4F7556}") = "Kaung.Cloud.Gateway", "web\Kaung.Cloud.Gateway\Kaung.Cloud.Gateway.csproj", "{093762EC-BAB2-415B-94D3-2C1927D9E97C}"
EndProject
Project("{9A19103F-16F7-4668-BE54-9A1E7A4F7556}") = "Kaung.Cloud.OAuth2", "web\Kaung.Cloud.OAuth2\Kaung.Cloud.OAuth2.csproj", "{021E1A7C-07FE-40B8-8A3D-B801EF7899CE}"
EndProject
Global
	GlobalSection(SolutionConfigurationPlatforms) = preSolution
		Debug|Any CPU = Debug|Any CPU
		Release|Any CPU = Release|Any CPU
	EndGlobalSection
	GlobalSection(ProjectConfigurationPlatforms) = postSolution
		{FC53C642-ED15-4AF6-886A-C82F5C9EAB79}.Debug|Any CPU.ActiveCfg = Debug|Any CPU
		{FC53C642-ED15-4AF6-886A-C82F5C9EAB79}.Debug|Any CPU.Build.0 = Debug|Any CPU
		{FC53C642-ED15-4AF6-886A-C82F5C9EAB79}.Release|Any CPU.ActiveCfg = Release|Any CPU
		{FC53C642-ED15-4AF6-886A-C82F5C9EAB79}.Release|Any CPU.Build.0 = Release|Any CPU
		{B43EF54E-3A15-4752-874E-0C2787A31C1D}.Debug|Any CPU.ActiveCfg = Debug|Any CPU
		{B43EF54E-3A15-4752-874E-0C2787A31C1D}.Debug|Any CPU.Build.0 = Debug|Any CPU
		{B43EF54E-3A15-4752-874E-0C2787A31C1D}.Release|Any CPU.ActiveCfg = Release|Any CPU
		{B43EF54E-3A15-4752-874E-0C2787A31C1D}.Release|Any CPU.Build.0 = Release|Any CPU
		{A438715C-8029-4BEA-A369-C842CCC06A72}.Debug|Any CPU.ActiveCfg = Debug|Any CPU
		{A438715C-8029-4BEA-A369-C842CCC06A72}.Debug|Any CPU.Build.0 = Debug|Any CPU
		{A438715C-8029-4BEA-A369-C842CCC06A72}.Release|Any CPU.ActiveCfg = Release|Any CPU
		{A438715C-8029-4BEA-A369-C842CCC06A72}.Release|Any CPU.Build.0 = Release|Any CPU
		{093762EC-BAB2-415B-94D3-2C1927D9E97C}.Debug|Any CPU.ActiveCfg = Debug|Any CPU
		{093762EC-BAB2-415B-94D3-2C1927D9E97C}.Debug|Any CPU.Build.0 = Debug|Any CPU
		{093762EC-BAB2-415B-94D3-2C1927D9E97C}.Release|Any CPU.ActiveCfg = Release|Any CPU
		{093762EC-BAB2-415B-94D3-2C1927D9E97C}.Release|Any CPU.Build.0 = Release|Any CPU
		{021E1A7C-07FE-40B8-8A3D-B801EF7899CE}.Debug|Any CPU.ActiveCfg = Debug|Any CPU
		{021E1A7C-07FE-40B8-8A3D-B801EF7899CE}.Debug|Any CPU.Build.0 = Debug|Any CPU
		{021E1A7C-07FE-40B8-8A3D-B801EF7899CE}.Release|Any CPU.ActiveCfg = Release|Any CPU
		{021E1A7C-07FE-40B8-8A3D-B801EF7899CE}.Release|Any CPU.Build.0 = Release|Any CPU
	EndGlobalSection
	GlobalSection(SolutionProperties) = preSolution
		HideSolutionNode = FALSE
	EndGlobalSection
	GlobalSection(NestedProjects) = preSolution
		{FDDC64DD-9054-405A-8CA9-5831E8C26E72} = {E6D74637-3F61-4971-BD3F-FDF03A1ED54B}
		{68858621-9627-43D5-BDCF-48D09C8CE8FE} = {E6D74637-3F61-4971-BD3F-FDF03A1ED54B}
		{6092E5C9-BD2C-47E1-8ED5-A2CC2EEFECBE} = {E6D74637-3F61-4971-BD3F-FDF03A1ED54B}
		{9DA2EA6E-ABAA-46AB-A89B-4DCA40BA91D5} = {E6D74637-3F61-4971-BD3F-FDF03A1ED54B}
		{FC53C642-ED15-4AF6-886A-C82F5C9EAB79} = {9DA2EA6E-ABAA-46AB-A89B-4DCA40BA91D5}
		{B43EF54E-3A15-4752-874E-0C2787A31C1D} = {9DA2EA6E-ABAA-46AB-A89B-4DCA40BA91D5}
		{A438715C-8029-4BEA-A369-C842CCC06A72} = {FDDC64DD-9054-405A-8CA9-5831E8C26E72}
		{093762EC-BAB2-415B-94D3-2C1927D9E97C} = {6092E5C9-BD2C-47E1-8ED5-A2CC2EEFECBE}
		{021E1A7C-07FE-40B8-8A3D-B801EF7899CE} = {6092E5C9-BD2C-47E1-8ED5-A2CC2EEFECBE}
	EndGlobalSection
	GlobalSection(ExtensibilityGlobals) = postSolution
		SolutionGuid = {C378E8FB-0173-42D5-BCFE-192AA25E820D}
	EndGlobalSection
EndGlobal
